
Microsoft Visual Studio Solution File, Format Version 12.00
# Visual Studio Version 16
Project("{2150E333-8FDC-42A3-9474-1A3956D46DE8}") = "Dependencies", "Dependencies", "{53E47842-3FC8-3998-A828-34EB942B241A}"
EndProject
Project("{8BC9CEB8-8B4A-11D0-8D11-00A0C91BC942}") = "ImmortalEditor", "ImmortalEditor\ImmortalEditor.vcxproj", "{B103DBA3-9DD1-CEA9-8665-3FD072D2AA0E}"
EndProject
Project("{8BC9CEB8-8B4A-11D0-8D11-00A0C91BC942}") = "GLFW", "Immortal\3rdparty\GLFW\GLFW.vcxproj", "{154B857C-0182-860D-AA6E-6C109684020F}"
EndProject
Project("{8BC9CEB8-8B4A-11D0-8D11-00A0C91BC942}") = "Glad", "Immortal\3rdparty\Glad\Glad.vcxproj", "{BDD6857C-A90D-870D-52FA-6C103E10030F}"
EndProject
Project("{8BC9CEB8-8B4A-11D0-8D11-00A0C91BC942}") = "ImGui", "Immortal\3rdparty\imgui\ImGui.vcxproj", "{C0FF640D-2C14-8DBE-F595-301E616989EF}"
EndProject
Project("{8BC9CEB8-8B4A-11D0-8D11-00A0C91BC942}") = "Immortal", "Immortal\Immortal.vcxproj", "{6A4660A7-5613-BBB2-7F2C-A95A6B58F040}"
EndProject
Project("{8BC9CEB8-8B4A-11D0-8D11-00A0C91BC942}") = "RuntimeTest", "RuntimeTest\RuntimeTest.vcxproj", "{89DE752F-F593-EE24-7E88-E8FBEA3CE528}"
EndProject
Project("{8BC9CEB8-8B4A-11D0-8D11-00A0C91BC942}") = "Sandbox", "Sandbox\Sandbox.vcxproj", "{F4C124E3-60A1-A37E-69B9-2E55D5170AE0}"
EndProject
Project("{8BC9CEB8-8B4A-11D0-8D11-00A0C91BC942}") = "VulkanSanbox", "VulkanSanbox\VulkanSanbox.vcxproj", "{C1A96883-AD0C-F827-5692-30DE42D4C3AA}"
EndProject
Global
	GlobalSection(SolutionConfigurationPlatforms) = preSolution
		Debug|x64 = Debug|x64
		Release|x64 = Release|x64
	EndGlobalSection
	GlobalSection(ProjectConfigurationPlatforms) = postSolution
		{B103DBA3-9DD1-CEA9-8665-3FD072D2AA0E}.Debug|x64.ActiveCfg = Debug|x64
		{B103DBA3-9DD1-CEA9-8665-3FD072D2AA0E}.Debug|x64.Build.0 = Debug|x64
		{B103DBA3-9DD1-CEA9-8665-3FD072D2AA0E}.Release|x64.ActiveCfg = Release|x64
		{B103DBA3-9DD1-CEA9-8665-3FD072D2AA0E}.Release|x64.Build.0 = Release|x64
		{154B857C-0182-860D-AA6E-6C109684020F}.Debug|x64.ActiveCfg = Debug|x64
		{154B857C-0182-860D-AA6E-6C109684020F}.Debug|x64.Build.0 = Debug|x64
		{154B857C-0182-860D-AA6E-6C109684020F}.Release|x64.ActiveCfg = Release|x64
		{154B857C-0182-860D-AA6E-6C109684020F}.Release|x64.Build.0 = Release|x64
		{BDD6857C-A90D-870D-52FA-6C103E10030F}.Debug|x64.ActiveCfg = Debug|x64
		{BDD6857C-A90D-870D-52FA-6C103E10030F}.Debug|x64.Build.0 = Debug|x64
		{BDD6857C-A90D-870D-52FA-6C103E10030F}.Release|x64.ActiveCfg = Release|x64
		{BDD6857C-A90D-870D-52FA-6C103E10030F}.Release|x64.Build.0 = Release|x64
		{C0FF640D-2C14-8DBE-F595-301E616989EF}.Debug|x64.ActiveCfg = Debug|x64
		{C0FF640D-2C14-8DBE-F595-301E616989EF}.Debug|x64.Build.0 = Debug|x64
		{C0FF640D-2C14-8DBE-F595-301E616989EF}.Release|x64.ActiveCfg = Release|x64
		{C0FF640D-2C14-8DBE-F595-301E616989EF}.Release|x64.Build.0 = Release|x64
		{6A4660A7-5613-BBB2-7F2C-A95A6B58F040}.Debug|x64.ActiveCfg = Debug|x64
		{6A4660A7-5613-BBB2-7F2C-A95A6B58F040}.Debug|x64.Build.0 = Debug|x64
		{6A4660A7-5613-BBB2-7F2C-A95A6B58F040}.Release|x64.ActiveCfg = Release|x64
		{6A4660A7-5613-BBB2-7F2C-A95A6B58F040}.Release|x64.Build.0 = Release|x64
		{89DE752F-F593-EE24-7E88-E8FBEA3CE528}.Debug|x64.ActiveCfg = Debug|x64
		{89DE752F-F593-EE24-7E88-E8FBEA3CE528}.Debug|x64.Build.0 = Debug|x64
		{89DE752F-F593-EE24-7E88-E8FBEA3CE528}.Release|x64.ActiveCfg = Release|x64
		{89DE752F-F593-EE24-7E88-E8FBEA3CE528}.Release|x64.Build.0 = Release|x64
		{F4C124E3-60A1-A37E-69B9-2E55D5170AE0}.Debug|x64.ActiveCfg = Debug|x64
		{F4C124E3-60A1-A37E-69B9-2E55D5170AE0}.Debug|x64.Build.0 = Debug|x64
		{F4C124E3-60A1-A37E-69B9-2E55D5170AE0}.Release|x64.ActiveCfg = Release|x64
		{F4C124E3-60A1-A37E-69B9-2E55D5170AE0}.Release|x64.Build.0 = Release|x64
		{C1A96883-AD0C-F827-5692-30DE42D4C3AA}.Debug|x64.ActiveCfg = Debug|x64
		{C1A96883-AD0C-F827-5692-30DE42D4C3AA}.Debug|x64.Build.0 = Debug|x64
		{C1A96883-AD0C-F827-5692-30DE42D4C3AA}.Release|x64.ActiveCfg = Release|x64
		{C1A96883-AD0C-F827-5692-30DE42D4C3AA}.Release|x64.Build.0 = Release|x64
	EndGlobalSection
	GlobalSection(SolutionProperties) = preSolution
		HideSolutionNode = FALSE
	EndGlobalSection
	GlobalSection(NestedProjects) = preSolution
		{B103DBA3-9DD1-CEA9-8665-3FD072D2AA0E} = {53E47842-3FC8-3998-A828-34EB942B241A}
		{154B857C-0182-860D-AA6E-6C109684020F} = {53E47842-3FC8-3998-A828-34EB942B241A}
		{BDD6857C-A90D-870D-52FA-6C103E10030F} = {53E47842-3FC8-3998-A828-34EB942B241A}
		{C0FF640D-2C14-8DBE-F595-301E616989EF} = {53E47842-3FC8-3998-A828-34EB942B241A}
		{6A4660A7-5613-BBB2-7F2C-A95A6B58F040} = {53E47842-3FC8-3998-A828-34EB942B241A}
		{89DE752F-F593-EE24-7E88-E8FBEA3CE528} = {53E47842-3FC8-3998-A828-34EB942B241A}
		{F4C124E3-60A1-A37E-69B9-2E55D5170AE0} = {53E47842-3FC8-3998-A828-34EB942B241A}
		{C1A96883-AD0C-F827-5692-30DE42D4C3AA} = {53E47842-3FC8-3998-A828-34EB942B241A}
	EndGlobalSection
EndGlobal
